
Microsoft Visual Studio Solution File, Format Version 12.00
# Visual Studio Version 17
VisualStudioVersion = 17.13.35913.81 d17.13
MinimumVisualStudioVersion = 10.0.40219.1
Project("{FAE04EC0-301F-11D3-BF4B-00C04F79EFBC}") = "Beecrowd.Iniciante.1001", "Beecrowd.Iniciante.1001\Beecrowd.Iniciante.1001.csproj", "{77774B91-C8DF-49A2-A18B-6229256A1B2A}"
EndProject
Global
	GlobalSection(SolutionConfigurationPlatforms) = preSolution
		Debug|Any CPU = Debug|Any CPU
		Release|Any CPU = Release|Any CPU
	EndGlobalSection
	GlobalSection(ProjectConfigurationPlatforms) = postSolution
		{77774B91-C8DF-49A2-A18B-6229256A1B2A}.Debug|Any CPU.ActiveCfg = Debug|Any CPU
		{77774B91-C8DF-49A2-A18B-6229256A1B2A}.Debug|Any CPU.Build.0 = Debug|Any CPU
		{77774B91-C8DF-49A2-A18B-6229256A1B2A}.Release|Any CPU.ActiveCfg = Release|Any CPU
		{77774B91-C8DF-49A2-A18B-6229256A1B2A}.Release|Any CPU.Build.0 = Release|Any CPU
	EndGlobalSection
	GlobalSection(SolutionProperties) = preSolution
		HideSolutionNode = FALSE
	EndGlobalSection
	GlobalSection(ExtensibilityGlobals) = postSolution
		SolutionGuid = {FFD61250-31A0-4881-8EB5-2A83C52B01A5}
	EndGlobalSection
EndGlobal
